{
  "version": 4,
  "terraform_version": "1.7.1",
  "serial": 20,
  "lineage": "d8314a5d-e068-463b-a517-e9460eafd166",
  "outputs": {},
  "resources": [
    {
      "mode": "managed",
      "type": "google_compute_network",
      "name": "import-network",
      "provider": "provider[\"registry.terraform.io/hashicorp/google\"]",
      "instances": [
        {
          "schema_version": 0,
          "attributes": {
            "auto_create_subnetworks": true,
            "delete_default_routes_on_create": false,
            "description": "",
            "enable_ula_internal_ipv6": false,
            "gateway_ipv4": "",
            "id": "projects/gradient-prathiksha-20240202/global/networks/importvm-network",
            "internal_ipv6_range": "",
            "mtu": 0,
            "name": "importvm-network",
            "network_firewall_policy_enforcement_order": "AFTER_CLASSIC_FIREWALL",
            "numeric_id": "7771780214731527680",
            "project": "gradient-prathiksha-20240202",
            "routing_mode": "REGIONAL",
            "self_link": "https://www.googleapis.com/compute/v1/projects/gradient-prathiksha-20240202/global/networks/importvm-network",
            "timeouts": {
              "create": null,
              "delete": null,
              "update": null
            }
          },
          "sensitive_attributes": [],
          "private": "eyJlMmJmYjczMC1lY2FhLTExZTYtOGY4OC0zNDM2M2JjN2M0YzAiOnsiY3JlYXRlIjoxMjAwMDAwMDAwMDAwLCJkZWxldGUiOjEyMDAwMDAwMDAwMDAsInVwZGF0ZSI6MTIwMDAwMDAwMDAwMH0sInNjaGVtYV92ZXJzaW9uIjoiMCJ9"
        }
      ]
    }
  ],
  "check_results": null
}
